
Microsoft Visual Studio Solution File, Format Version 12.00
# Visual Studio Version 17
VisualStudioVersion = 17.1.32421.90
MinimumVisualStudioVersion = 10.0.40219.1
Project("{FAE04EC0-301F-11D3-BF4B-00C04F79EFBC}") = "DataLayer", "DataLayer\DataLayer.csproj", "{89DF47B1-EB0E-4BBE-9202-A8AFB7F39D0C}"
EndProject
Project("{FAE04EC0-301F-11D3-BF4B-00C04F79EFBC}") = "API", "API\API.csproj", "{1A7022AF-C86F-4F1B-BB6B-F9970190F016}"
EndProject
Global
	GlobalSection(SolutionConfigurationPlatforms) = preSolution
		Debug|Any CPU = Debug|Any CPU
		Release|Any CPU = Release|Any CPU
	EndGlobalSection
	GlobalSection(ProjectConfigurationPlatforms) = postSolution
		{89DF47B1-EB0E-4BBE-9202-A8AFB7F39D0C}.Debug|Any CPU.ActiveCfg = Debug|Any CPU
		{89DF47B1-EB0E-4BBE-9202-A8AFB7F39D0C}.Debug|Any CPU.Build.0 = Debug|Any CPU
		{89DF47B1-EB0E-4BBE-9202-A8AFB7F39D0C}.Release|Any CPU.ActiveCfg = Release|Any CPU
		{89DF47B1-EB0E-4BBE-9202-A8AFB7F39D0C}.Release|Any CPU.Build.0 = Release|Any CPU
		{1A7022AF-C86F-4F1B-BB6B-F9970190F016}.Debug|Any CPU.ActiveCfg = Debug|Any CPU
		{1A7022AF-C86F-4F1B-BB6B-F9970190F016}.Debug|Any CPU.Build.0 = Debug|Any CPU
		{1A7022AF-C86F-4F1B-BB6B-F9970190F016}.Release|Any CPU.ActiveCfg = Release|Any CPU
		{1A7022AF-C86F-4F1B-BB6B-F9970190F016}.Release|Any CPU.Build.0 = Release|Any CPU
	EndGlobalSection
	GlobalSection(SolutionProperties) = preSolution
		HideSolutionNode = FALSE
	EndGlobalSection
	GlobalSection(ExtensibilityGlobals) = postSolution
		SolutionGuid = {24B990EF-2404-4EC0-8CF1-8D00686D3126}
	EndGlobalSection
EndGlobal
